# This file is automatically @generated by Cargo.
# It is not intended for manual editing.
version = 4

[[package]]
name = "gpl-dep"
version = "0.0.0"

[[package]]
name = "gpl-dev-dep"
version = "0.0.0"

[[package]]
name = "licence-gate-app"
version = "0.0.0"
dependencies = [
 "gpl-dep",
 "gpl-dev-dep",
]
